
Microsoft Visual Studio Solution File, Format Version 12.00
# Visual Studio Version 16
VisualStudioVersion = 16.0.30621.155
MinimumVisualStudioVersion = 10.0.40219.1
Project("{FAE04EC0-301F-11D3-BF4B-00C04F79EFBC}") = "WCFService_2Way_074", "WCFService_2Way_074\WCFService_2Way_074.csproj", "{1EEF00EB-98D8-4771-8C40-AC9DF9C51ABF}"
EndProject
Global
	GlobalSection(SolutionConfigurationPlatforms) = preSolution
		Debug|Any CPU = Debug|Any CPU
		Release|Any CPU = Release|Any CPU
	EndGlobalSection
	GlobalSection(ProjectConfigurationPlatforms) = postSolution
		{1EEF00EB-98D8-4771-8C40-AC9DF9C51ABF}.Debug|Any CPU.ActiveCfg = Debug|Any CPU
		{1EEF00EB-98D8-4771-8C40-AC9DF9C51ABF}.Debug|Any CPU.Build.0 = Debug|Any CPU
		{1EEF00EB-98D8-4771-8C40-AC9DF9C51ABF}.Release|Any CPU.ActiveCfg = Release|Any CPU
		{1EEF00EB-98D8-4771-8C40-AC9DF9C51ABF}.Release|Any CPU.Build.0 = Release|Any CPU
	EndGlobalSection
	GlobalSection(SolutionProperties) = preSolution
		HideSolutionNode = FALSE
	EndGlobalSection
	GlobalSection(ExtensibilityGlobals) = postSolution
		SolutionGuid = {FC501F27-067F-4284-AFBC-C9A07B6A7AAC}
	EndGlobalSection
EndGlobal
